
Microsoft Visual Studio Solution File, Format Version 12.00
# Visual Studio Version 17
VisualStudioVersion = 17.8.34408.163
MinimumVisualStudioVersion = 10.0.40219.1
Project("{FAE04EC0-301F-11D3-BF4B-00C04F79EFBC}") = "01DiyetProjesi.DAL", "01DiyetProjesi.DAL\01DiyetProjesi.DAL.csproj", "{82BCC100-1506-43A7-9DB3-B6550CB5BDA1}"
EndProject
Project("{FAE04EC0-301F-11D3-BF4B-00C04F79EFBC}") = "02DiyetProjesi.BL", "02DiyetProjesi.BL\02DiyetProjesi.BL.csproj", "{43FBD0C6-8A95-487C-B163-B26FE362AB97}"
EndProject
Project("{FAE04EC0-301F-11D3-BF4B-00C04F79EFBC}") = "03DiyetProjesi.PL", "03DiyetProjesi.PL\03DiyetProjesi.PL.csproj", "{A4588A17-7FC0-43BE-99A1-A5DBB84CCAA5}"
EndProject
Global
	GlobalSection(SolutionConfigurationPlatforms) = preSolution
		Debug|Any CPU = Debug|Any CPU
		Release|Any CPU = Release|Any CPU
	EndGlobalSection
	GlobalSection(ProjectConfigurationPlatforms) = postSolution
		{82BCC100-1506-43A7-9DB3-B6550CB5BDA1}.Debug|Any CPU.ActiveCfg = Debug|Any CPU
		{82BCC100-1506-43A7-9DB3-B6550CB5BDA1}.Debug|Any CPU.Build.0 = Debug|Any CPU
		{82BCC100-1506-43A7-9DB3-B6550CB5BDA1}.Release|Any CPU.ActiveCfg = Release|Any CPU
		{82BCC100-1506-43A7-9DB3-B6550CB5BDA1}.Release|Any CPU.Build.0 = Release|Any CPU
		{43FBD0C6-8A95-487C-B163-B26FE362AB97}.Debug|Any CPU.ActiveCfg = Debug|Any CPU
		{43FBD0C6-8A95-487C-B163-B26FE362AB97}.Debug|Any CPU.Build.0 = Debug|Any CPU
		{43FBD0C6-8A95-487C-B163-B26FE362AB97}.Release|Any CPU.ActiveCfg = Release|Any CPU
		{43FBD0C6-8A95-487C-B163-B26FE362AB97}.Release|Any CPU.Build.0 = Release|Any CPU
		{A4588A17-7FC0-43BE-99A1-A5DBB84CCAA5}.Debug|Any CPU.ActiveCfg = Debug|Any CPU
		{A4588A17-7FC0-43BE-99A1-A5DBB84CCAA5}.Debug|Any CPU.Build.0 = Debug|Any CPU
		{A4588A17-7FC0-43BE-99A1-A5DBB84CCAA5}.Release|Any CPU.ActiveCfg = Release|Any CPU
		{A4588A17-7FC0-43BE-99A1-A5DBB84CCAA5}.Release|Any CPU.Build.0 = Release|Any CPU
	EndGlobalSection
	GlobalSection(SolutionProperties) = preSolution
		HideSolutionNode = FALSE
	EndGlobalSection
	GlobalSection(ExtensibilityGlobals) = postSolution
		SolutionGuid = {89F4CB6C-E8DD-42D4-B9C4-FDC1651B7371}
	EndGlobalSection
EndGlobal
